// !$*UTF8*$!
{
	archiveVersion = 1;
	classes = {
	};
	objectVersion = 90;
	objects = {

/* Begin PBXBuildFile section */
		14FB37832D390E7E00E0FD8A /* MPSFetchRequest.swift in Sources */ = {isa = PBXBuildFile; fileRef = 14FB377D2D390E7E00E0FD8A /* MPSFetchRequest.swift */; };
		14FB37842D390E7E00E0FD8A /* MPSRequestResponse.swift in Sources */ = {isa = PBXBuildFile; fileRef = 14FB37802D390E7E00E0FD8A /* MPSRequestResponse.swift */; };
		14FB37852D390E7E00E0FD8A /* MIOPersistentStore.swift in Sources */ = {isa = PBXBuildFile; fileRef = 14FB377B2D390E7E00E0FD8A /* MIOPersistentStore.swift */; };
		14FB37862D390E7E00E0FD8A /* MPSCacheNode.swift in Sources */ = {isa = PBXBuildFile; fileRef = 14FB377C2D390E7E00E0FD8A /* MPSCacheNode.swift */; };
		14FB37872D390E7E00E0FD8A /* MPSRequest.swift in Sources */ = {isa = PBXBuildFile; fileRef = 14FB377F2D390E7E00E0FD8A /* MPSRequest.swift */; };
		14FB37882D390E7E00E0FD8A /* MPSParser.swift in Sources */ = {isa = PBXBuildFile; fileRef = 14FB377E2D390E7E00E0FD8A /* MPSParser.swift */; };
		14FB37892D390E7E00E0FD8A /* MPSSaveRequest.swift in Sources */ = {isa = PBXBuildFile; fileRef = 14FB37812D390E7E00E0FD8A /* MPSSaveRequest.swift */; };
		87AD9D5E2F7549D400071ED2 /* Logging in Frameworks */ = {isa = PBXBuildFile; productRef = 87AD9D5D2F7549D400071ED2 /* Logging */; };
		87FDF8292F75395A00785AF4 /* MIOCore.framework in Frameworks */ = {isa = PBXBuildFile; fileRef = 87FDF8282F75395A00785AF4 /* MIOCore.framework */; };
		87FDF82D2F75395F00785AF4 /* MIOCoreLogger.framework in Frameworks */ = {isa = PBXBuildFile; fileRef = 87FDF82C2F75395F00785AF4 /* MIOCoreLogger.framework */; };
/* End PBXBuildFile section */

/* Begin PBXFileReference section */
		14FB37612D390DF100E0FD8A /* MIOPersistentStore.framework */ = {isa = PBXFileReference; explicitFileType = wrapper.framework; includeInIndex = 0; path = MIOPersistentStore.framework; sourceTree = BUILT_PRODUCTS_DIR; };
		14FB377B2D390E7E00E0FD8A /* MIOPersistentStore.swift */ = {isa = PBXFileReference; lastKnownFileType = sourcecode.swift; path = MIOPersistentStore.swift; sourceTree = "<group>"; };
		14FB377C2D390E7E00E0FD8A /* MPSCacheNode.swift */ = {isa = PBXFileReference; lastKnownFileType = sourcecode.swift; path = MPSCacheNode.swift; sourceTree = "<group>"; };
		14FB377D2D390E7E00E0FD8A /* MPSFetchRequest.swift */ = {isa = PBXFileReference; lastKnownFileType = sourcecode.swift; path = MPSFetchRequest.swift; sourceTree = "<group>"; };
		14FB377E2D390E7E00E0FD8A /* MPSParser.swift */ = {isa = PBXFileReference; lastKnownFileType = sourcecode.swift; path = MPSParser.swift; sourceTree = "<group>"; };
		14FB377F2D390E7E00E0FD8A /* MPSRequest.swift */ = {isa = PBXFileReference; lastKnownFileType = sourcecode.swift; path = MPSRequest.swift; sourceTree = "<group>"; };
		14FB37802D390E7E00E0FD8A /* MPSRequestResponse.swift */ = {isa = PBXFileReference; lastKnownFileType = sourcecode.swift; path = MPSRequestResponse.swift; sourceTree = "<group>"; };
		14FB37812D390E7E00E0FD8A /* MPSSaveRequest.swift */ = {isa = PBXFileReference; lastKnownFileType = sourcecode.swift; path = MPSSaveRequest.swift; sourceTree = "<group>"; };
		14FB378A2D390E8B00E0FD8A /* Package.swift */ = {isa = PBXFileReference; lastKnownFileType = sourcecode.swift; path = Package.swift; sourceTree = "<group>"; };
		14FB378C2D390EB500E0FD8A /* MIOCoreData.framework */ = {isa = PBXFileReference; explicitFileType = wrapper.framework; path = MIOCoreData.framework; sourceTree = BUILT_PRODUCTS_DIR; };
		87FDF8282F75395A00785AF4 /* MIOCore.framework */ = {isa = PBXFileReference; explicitFileType = wrapper.framework; path = MIOCore.framework; sourceTree = BUILT_PRODUCTS_DIR; };
		87FDF82C2F75395F00785AF4 /* MIOCoreLogger.framework */ = {isa = PBXFileReference; explicitFileType = wrapper.framework; path = MIOCoreLogger.framework; sourceTree = BUILT_PRODUCTS_DIR; };
/* End PBXFileReference section */

/* Begin PBXFrameworksBuildPhase section */
		14FB375E2D390DF100E0FD8A /* Frameworks */ = {
			isa = PBXFrameworksBuildPhase;
			files = (
				87AD9D5E2F7549D400071ED2 /* Logging in Frameworks */,
				87FDF8292F75395A00785AF4 /* MIOCore.framework in Frameworks */,
				87FDF82D2F75395F00785AF4 /* MIOCoreLogger.framework in Frameworks */,
			);
		};
/* End PBXFrameworksBuildPhase section */

/* Begin PBXGroup section */
		14FB37572D390DF100E0FD8A = {
			isa = PBXGroup;
			children = (
				14FB378A2D390E8B00E0FD8A /* Package.swift */,
				14FB37822D390E7E00E0FD8A /* MIOPersistentStore */,
				14FB378B2D390EB500E0FD8A /* Frameworks */,
				14FB37622D390DF100E0FD8A /* Products */,
			);
			sourceTree = "<group>";
		};
		14FB37622D390DF100E0FD8A /* Products */ = {
			isa = PBXGroup;
			children = (
				14FB37612D390DF100E0FD8A /* MIOPersistentStore.framework */,
			);
			name = Products;
			sourceTree = "<group>";
		};
		14FB37822D390E7E00E0FD8A /* MIOPersistentStore */ = {
			isa = PBXGroup;
			children = (
				14FB377B2D390E7E00E0FD8A /* MIOPersistentStore.swift */,
				14FB377C2D390E7E00E0FD8A /* MPSCacheNode.swift */,
				14FB377D2D390E7E00E0FD8A /* MPSFetchRequest.swift */,
				14FB377E2D390E7E00E0FD8A /* MPSParser.swift */,
				14FB377F2D390E7E00E0FD8A /* MPSRequest.swift */,
				14FB37802D390E7E00E0FD8A /* MPSRequestResponse.swift */,
				14FB37812D390E7E00E0FD8A /* MPSSaveRequest.swift */,
			);
			name = MIOPersistentStore;
			path = Sources/MIOPersistentStore;
			sourceTree = "<group>";
		};
		14FB378B2D390EB500E0FD8A /* Frameworks */ = {
			isa = PBXGroup;
			children = (
				87FDF82C2F75395F00785AF4 /* MIOCoreLogger.framework */,
				87FDF8282F75395A00785AF4 /* MIOCore.framework */,
				14FB378C2D390EB500E0FD8A /* MIOCoreData.framework */,
			);
			name = Frameworks;
			sourceTree = "<group>";
		};
/* End PBXGroup section */

/* Begin PBXHeadersBuildPhase section */
		14FB375C2D390DF100E0FD8A /* Headers */ = {
			isa = PBXHeadersBuildPhase;
			files = (
			);
		};
/* End PBXHeadersBuildPhase section */

/* Begin PBXNativeTarget section */
		14FB37602D390DF100E0FD8A /* MIOPersistentStore */ = {
			isa = PBXNativeTarget;
			buildConfigurationList = 14FB37672D390DF100E0FD8A /* Build configuration list for PBXNativeTarget "MIOPersistentStore" */;
			buildPhases = (
				14FB375C2D390DF100E0FD8A /* Headers */,
				14FB375D2D390DF100E0FD8A /* Sources */,
				14FB375E2D390DF100E0FD8A /* Frameworks */,
				14FB375F2D390DF100E0FD8A /* Resources */,
			);
			buildRules = (
			);
			name = MIOPersistentStore;
			packageProductDependencies = (
				87AD9D5D2F7549D400071ED2 /* Logging */,
			);
			productName = MIOPersistentStore;
			productReference = 14FB37612D390DF100E0FD8A /* MIOPersistentStore.framework */;
			productType = "com.apple.product-type.framework";
		};
/* End PBXNativeTarget section */

/* Begin PBXProject section */
		14FB37582D390DF100E0FD8A /* Project object */ = {
			isa = PBXProject;
			attributes = {
				BuildIndependentTargetsInParallel = 1;
				LastUpgradeCheck = 1620;
				TargetAttributes = {
					14FB37602D390DF100E0FD8A = {
						CreatedOnToolsVersion = 16.2;
					};
				};
			};
			buildConfigurationList = 14FB375B2D390DF100E0FD8A /* Build configuration list for PBXProject "MIOPersistentStore" */;
			developmentRegion = en;
			hasScannedForEncodings = 0;
			knownRegions = (
				en,
				Base,
			);
			mainGroup = 14FB37572D390DF100E0FD8A;
			minimizedProjectReferenceProxies = 1;
			packageReferences = (
				87AD9D5C2F7549D400071ED2 /* XCRemoteSwiftPackageReference "swift-log" */,
			);
			preferredProjectObjectVersion = 90;
			productRefGroup = 14FB37622D390DF100E0FD8A /* Products */;
			projectDirPath = "";
			projectRoot = "";
			targets = (
				14FB37602D390DF100E0FD8A /* MIOPersistentStore */,
			);
		};
/* End PBXProject section */

/* Begin PBXResourcesBuildPhase section */
		14FB375F2D390DF100E0FD8A /* Resources */ = {
			isa = PBXResourcesBuildPhase;
			files = (
			);
		};
/* End PBXResourcesBuildPhase section */

/* Begin PBXSourcesBuildPhase section */
		14FB375D2D390DF100E0FD8A /* Sources */ = {
			isa = PBXSourcesBuildPhase;
			files = (
				14FB37832D390E7E00E0FD8A /* MPSFetchRequest.swift in Sources */,
				14FB37842D390E7E00E0FD8A /* MPSRequestResponse.swift in Sources */,
				14FB37852D390E7E00E0FD8A /* MIOPersistentStore.swift in Sources */,
				14FB37862D390E7E00E0FD8A /* MPSCacheNode.swift in Sources */,
				14FB37872D390E7E00E0FD8A /* MPSRequest.swift in Sources */,
				14FB37882D390E7E00E0FD8A /* MPSParser.swift in Sources */,
				14FB37892D390E7E00E0FD8A /* MPSSaveRequest.swift in Sources */,
			);
		};
/* End PBXSourcesBuildPhase section */

/* Begin XCBuildConfiguration section */
		14FB37682D390DF100E0FD8A /* Debug configuration for PBXNativeTarget "MIOPersistentStore" */ = {
			isa = XCBuildConfiguration;
			buildSettings = {
				ALLOW_TARGET_PLATFORM_SPECIALIZATION = YES;
				BUILD_LIBRARY_FOR_DISTRIBUTION = NO;
				CODE_SIGN_STYLE = Automatic;
				CURRENT_PROJECT_VERSION = 1;
				DEFINES_MODULE = YES;
				DEVELOPMENT_TEAM = 53X2422NYU;
				DYLIB_COMPATIBILITY_VERSION = 1;
				DYLIB_CURRENT_VERSION = 1;
				DYLIB_INSTALL_NAME_BASE = "@rpath";
				ENABLE_MODULE_VERIFIER = YES;
				GENERATE_INFOPLIST_FILE = YES;
				INFOPLIST_KEY_NSHumanReadableCopyright = "";
				INSTALL_PATH = "$(LOCAL_LIBRARY_DIR)/Frameworks";
				IPHONEOS_DEPLOYMENT_TARGET = 13.6;
				LD_RUNPATH_SEARCH_PATHS = (
					"@executable_path/Frameworks",
					"@loader_path/Frameworks",
				);
				"LD_RUNPATH_SEARCH_PATHS[sdk=macosx*]" = (
					"@executable_path/../Frameworks",
					"@loader_path/Frameworks",
				);
				MACOSX_DEPLOYMENT_TARGET = 12.4;
				MARKETING_VERSION = 1.0;
				MODULE_VERIFIER_SUPPORTED_LANGUAGES = "objective-c objective-c++";
				MODULE_VERIFIER_SUPPORTED_LANGUAGE_STANDARDS = "gnu17 gnu++20";
				PRODUCT_BUNDLE_IDENTIFIER = com.miolabs.MIOPersistentStore;
				PRODUCT_NAME = "$(TARGET_NAME:c99extidentifier)";
				SDKROOT = auto;
				SKIP_INSTALL = YES;
				SUPPORTED_PLATFORMS = "iphoneos iphonesimulator macosx xros xrsimulator";
				SWIFT_ACTIVE_COMPILATION_CONDITIONS = "DEBUG $(inherited) APPLE_CORE_DATA";
				SWIFT_EMIT_LOC_STRINGS = YES;
				SWIFT_INSTALL_OBJC_HEADER = NO;
				SWIFT_VERSION = 5.0;
				TARGETED_DEVICE_FAMILY = "1,2,7";
				XROS_DEPLOYMENT_TARGET = 2.2;
			};
			name = Debug;
		};
		14FB37692D390DF100E0FD8A /* Release configuration for PBXNativeTarget "MIOPersistentStore" */ = {
			isa = XCBuildConfiguration;
			buildSettings = {
				ALLOW_TARGET_PLATFORM_SPECIALIZATION = YES;
				BUILD_LIBRARY_FOR_DISTRIBUTION = NO;
				CODE_SIGN_STYLE = Automatic;
				CURRENT_PROJECT_VERSION = 1;
				DEFINES_MODULE = YES;
				DEVELOPMENT_TEAM = 53X2422NYU;
				DYLIB_COMPATIBILITY_VERSION = 1;
				DYLIB_CURRENT_VERSION = 1;
				DYLIB_INSTALL_NAME_BASE = "@rpath";
				ENABLE_MODULE_VERIFIER = YES;
				GENERATE_INFOPLIST_FILE = YES;
				INFOPLIST_KEY_NSHumanReadableCopyright = "";
				INSTALL_PATH = "$(LOCAL_LIBRARY_DIR)/Frameworks";
				IPHONEOS_DEPLOYMENT_TARGET = 13.6;
				LD_RUNPATH_SEARCH_PATHS = (
					"@executable_path/Frameworks",
					"@loader_path/Frameworks",
				);
				"LD_RUNPATH_SEARCH_PATHS[sdk=macosx*]" = (
					"@executable_path/../Frameworks",
					"@loader_path/Frameworks",
				);
				MACOSX_DEPLOYMENT_TARGET = 12.4;
				MARKETING_VERSION = 1.0;
				MODULE_VERIFIER_SUPPORTED_LANGUAGES = "objective-c objective-c++";
				MODULE_VERIFIER_SUPPORTED_LANGUAGE_STANDARDS = "gnu17 gnu++20";
				PRODUCT_BUNDLE_IDENTIFIER = com.miolabs.MIOPersistentStore;
				PRODUCT_NAME = "$(TARGET_NAME:c99extidentifier)";
				SDKROOT = auto;
				SKIP_INSTALL = YES;
				SUPPORTED_PLATFORMS = "iphoneos iphonesimulator macosx xros xrsimulator";
				SWIFT_ACTIVE_COMPILATION_CONDITIONS = APPLE_CORE_DATA;
				SWIFT_EMIT_LOC_STRINGS = YES;
				SWIFT_INSTALL_OBJC_HEADER = NO;
				SWIFT_VERSION = 5.0;
				TARGETED_DEVICE_FAMILY = "1,2,7";
				XROS_DEPLOYMENT_TARGET = 2.2;
			};
			name = Release;
		};
		14FB376A2D390DF100E0FD8A /* Debug configuration for PBXProject "MIOPersistentStore" */ = {
			isa = XCBuildConfiguration;
			buildSettings = {
				ALWAYS_SEARCH_USER_PATHS = NO;
				ASSETCATALOG_COMPILER_GENERATE_SWIFT_ASSET_SYMBOL_EXTENSIONS = YES;
				CLANG_ANALYZER_NONNULL = YES;
				CLANG_ANALYZER_NUMBER_OBJECT_CONVERSION = YES_AGGRESSIVE;
				CLANG_CXX_LANGUAGE_STANDARD = "gnu++20";
				CLANG_ENABLE_MODULES = YES;
				CLANG_ENABLE_OBJC_ARC = YES;
				CLANG_ENABLE_OBJC_WEAK = YES;
				CLANG_WARN_BLOCK_CAPTURE_AUTORELEASING = YES;
				CLANG_WARN_BOOL_CONVERSION = YES;
				CLANG_WARN_COMMA = YES;
				CLANG_WARN_CONSTANT_CONVERSION = YES;
				CLANG_WARN_DEPRECATED_OBJC_IMPLEMENTATIONS = YES;
				CLANG_WARN_DIRECT_OBJC_ISA_USAGE = YES_ERROR;
				CLANG_WARN_DOCUMENTATION_COMMENTS = YES;
				CLANG_WARN_EMPTY_BODY = YES;
				CLANG_WARN_ENUM_CONVERSION = YES;
				CLANG_WARN_INFINITE_RECURSION = YES;
				CLANG_WARN_INT_CONVERSION = YES;
				CLANG_WARN_NON_LITERAL_NULL_CONVERSION = YES;
				CLANG_WARN_OBJC_IMPLICIT_RETAIN_SELF = YES;
				CLANG_WARN_OBJC_LITERAL_CONVERSION = YES;
				CLANG_WARN_OBJC_ROOT_CLASS = YES_ERROR;
				CLANG_WARN_QUOTED_INCLUDE_IN_FRAMEWORK_HEADER = YES;
				CLANG_WARN_RANGE_LOOP_ANALYSIS = YES;
				CLANG_WARN_STRICT_PROTOTYPES = YES;
				CLANG_WARN_SUSPICIOUS_MOVE = YES;
				CLANG_WARN_UNGUARDED_AVAILABILITY = YES_AGGRESSIVE;
				CLANG_WARN_UNREACHABLE_CODE = YES;
				CLANG_WARN__DUPLICATE_METHOD_MATCH = YES;
				COPY_PHASE_STRIP = NO;
				CURRENT_PROJECT_VERSION = 1;
				DEBUG_INFORMATION_FORMAT = dwarf;
				ENABLE_STRICT_OBJC_MSGSEND = YES;
				ENABLE_TESTABILITY = YES;
				ENABLE_USER_SCRIPT_SANDBOXING = YES;
				GCC_C_LANGUAGE_STANDARD = gnu17;
				GCC_DYNAMIC_NO_PIC = NO;
				GCC_NO_COMMON_BLOCKS = YES;
				GCC_OPTIMIZATION_LEVEL = 0;
				GCC_PREPROCESSOR_DEFINITIONS = (
					"DEBUG=1",
					"$(inherited)",
				);
				GCC_WARN_64_TO_32_BIT_CONVERSION = YES;
				GCC_WARN_ABOUT_RETURN_TYPE = YES_ERROR;
				GCC_WARN_UNDECLARED_SELECTOR = YES;
				GCC_WARN_UNINITIALIZED_AUTOS = YES_AGGRESSIVE;
				GCC_WARN_UNUSED_FUNCTION = YES;
				GCC_WARN_UNUSED_VARIABLE = YES;
				LOCALIZATION_PREFERS_STRING_CATALOGS = YES;
				MTL_ENABLE_DEBUG_INFO = INCLUDE_SOURCE;
				MTL_FAST_MATH = YES;
				ONLY_ACTIVE_ARCH = YES;
				SWIFT_ACTIVE_COMPILATION_CONDITIONS = "DEBUG $(inherited)";
				SWIFT_OPTIMIZATION_LEVEL = "-Onone";
				VERSIONING_SYSTEM = "apple-generic";
				VERSION_INFO_PREFIX = "";
			};
			name = Debug;
		};
		14FB376B2D390DF100E0FD8A /* Release configuration for PBXProject "MIOPersistentStore" */ = {
			isa = XCBuildConfiguration;
			buildSettings = {
				ALWAYS_SEARCH_USER_PATHS = NO;
				ASSETCATALOG_COMPILER_GENERATE_SWIFT_ASSET_SYMBOL_EXTENSIONS = YES;
				CLANG_ANALYZER_NONNULL = YES;
				CLANG_ANALYZER_NUMBER_OBJECT_CONVERSION = YES_AGGRESSIVE;
				CLANG_CXX_LANGUAGE_STANDARD = "gnu++20";
				CLANG_ENABLE_MODULES = YES;
				CLANG_ENABLE_OBJC_ARC = YES;
				CLANG_ENABLE_OBJC_WEAK = YES;
				CLANG_WARN_BLOCK_CAPTURE_AUTORELEASING = YES;
				CLANG_WARN_BOOL_CONVERSION = YES;
				CLANG_WARN_COMMA = YES;
				CLANG_WARN_CONSTANT_CONVERSION = YES;
				CLANG_WARN_DEPRECATED_OBJC_IMPLEMENTATIONS = YES;
				CLANG_WARN_DIRECT_OBJC_ISA_USAGE = YES_ERROR;
				CLANG_WARN_DOCUMENTATION_COMMENTS = YES;
				CLANG_WARN_EMPTY_BODY = YES;
				CLANG_WARN_ENUM_CONVERSION = YES;
				CLANG_WARN_INFINITE_RECURSION = YES;
				CLANG_WARN_INT_CONVERSION = YES;
				CLANG_WARN_NON_LITERAL_NULL_CONVERSION = YES;
				CLANG_WARN_OBJC_IMPLICIT_RETAIN_SELF = YES;
				CLANG_WARN_OBJC_LITERAL_CONVERSION = YES;
				CLANG_WARN_OBJC_ROOT_CLASS = YES_ERROR;
				CLANG_WARN_QUOTED_INCLUDE_IN_FRAMEWORK_HEADER = YES;
				CLANG_WARN_RANGE_LOOP_ANALYSIS = YES;
				CLANG_WARN_STRICT_PROTOTYPES = YES;
				CLANG_WARN_SUSPICIOUS_MOVE = YES;
				CLANG_WARN_UNGUARDED_AVAILABILITY = YES_AGGRESSIVE;
				CLANG_WARN_UNREACHABLE_CODE = YES;
				CLANG_WARN__DUPLICATE_METHOD_MATCH = YES;
				COPY_PHASE_STRIP = NO;
				CURRENT_PROJECT_VERSION = 1;
				DEBUG_INFORMATION_FORMAT = "dwarf-with-dsym";
				ENABLE_NS_ASSERTIONS = NO;
				ENABLE_STRICT_OBJC_MSGSEND = YES;
				ENABLE_USER_SCRIPT_SANDBOXING = YES;
				GCC_C_LANGUAGE_STANDARD = gnu17;
				GCC_NO_COMMON_BLOCKS = YES;
				GCC_WARN_64_TO_32_BIT_CONVERSION = YES;
				GCC_WARN_ABOUT_RETURN_TYPE = YES_ERROR;
				GCC_WARN_UNDECLARED_SELECTOR = YES;
				GCC_WARN_UNINITIALIZED_AUTOS = YES_AGGRESSIVE;
				GCC_WARN_UNUSED_FUNCTION = YES;
				GCC_WARN_UNUSED_VARIABLE = YES;
				LOCALIZATION_PREFERS_STRING_CATALOGS = YES;
				MTL_ENABLE_DEBUG_INFO = NO;
				MTL_FAST_MATH = YES;
				SWIFT_COMPILATION_MODE = wholemodule;
				VERSIONING_SYSTEM = "apple-generic";
				VERSION_INFO_PREFIX = "";
			};
			name = Release;
		};
/* End XCBuildConfiguration section */

/* Begin XCConfigurationList section */
		14FB375B2D390DF100E0FD8A /* Build configuration list for PBXProject "MIOPersistentStore" */ = {
			isa = XCConfigurationList;
			buildConfigurations = (
				14FB376A2D390DF100E0FD8A /* Debug configuration for PBXProject "MIOPersistentStore" */,
				14FB376B2D390DF100E0FD8A /* Release configuration for PBXProject "MIOPersistentStore" */,
			);
			defaultConfigurationName = Release;
		};
		14FB37672D390DF100E0FD8A /* Build configuration list for PBXNativeTarget "MIOPersistentStore" */ = {
			isa = XCConfigurationList;
			buildConfigurations = (
				14FB37682D390DF100E0FD8A /* Debug configuration for PBXNativeTarget "MIOPersistentStore" */,
				14FB37692D390DF100E0FD8A /* Release configuration for PBXNativeTarget "MIOPersistentStore" */,
			);
			defaultConfigurationName = Release;
		};
/* End XCConfigurationList section */

/* Begin XCRemoteSwiftPackageReference section */
		87AD9D5C2F7549D400071ED2 /* XCRemoteSwiftPackageReference "swift-log" */ = {
			isa = XCRemoteSwiftPackageReference;
			repositoryURL = "https://github.com/apple/swift-log.git";
			requirement = {
				kind = upToNextMajorVersion;
				minimumVersion = 1.13.1;
			};
		};
/* End XCRemoteSwiftPackageReference section */

/* Begin XCSwiftPackageProductDependency section */
		87AD9D5D2F7549D400071ED2 /* Logging */ = {
			isa = XCSwiftPackageProductDependency;
			package = 87AD9D5C2F7549D400071ED2 /* XCRemoteSwiftPackageReference "swift-log" */;
			productName = Logging;
		};
/* End XCSwiftPackageProductDependency section */
	};
	rootObject = 14FB37582D390DF100E0FD8A /* Project object */;
}
